
Microsoft Visual Studio Solution File, Format Version 12.00
# Visual Studio Version 16
VisualStudioVersion = 16.0.30717.126
MinimumVisualStudioVersion = 10.0.40219.1
Project("{FAE04EC0-301F-11D3-BF4B-00C04F79EFBC}") = "MdiApplication", "MdiApplication.csproj", "{89B65413-1FC8-4AE9-A68D-DA2A1D593BA8}"
EndProject
Global
	GlobalSection(SolutionConfigurationPlatforms) = preSolution
		Debug|Any CPU = Debug|Any CPU
		Release|Any CPU = Release|Any CPU
	EndGlobalSection
	GlobalSection(ProjectConfigurationPlatforms) = postSolution
		{89B65413-1FC8-4AE9-A68D-DA2A1D593BA8}.Debug|Any CPU.ActiveCfg = Debug|Any CPU
		{89B65413-1FC8-4AE9-A68D-DA2A1D593BA8}.Debug|Any CPU.Build.0 = Debug|Any CPU
		{89B65413-1FC8-4AE9-A68D-DA2A1D593BA8}.Release|Any CPU.ActiveCfg = Release|Any CPU
		{89B65413-1FC8-4AE9-A68D-DA2A1D593BA8}.Release|Any CPU.Build.0 = Release|Any CPU
	EndGlobalSection
	GlobalSection(SolutionProperties) = preSolution
		HideSolutionNode = FALSE
	EndGlobalSection
	GlobalSection(ExtensibilityGlobals) = postSolution
		SolutionGuid = {E534F12C-CCF1-477C-841B-EE1BFA37736D}
	EndGlobalSection
EndGlobal
